
Microsoft Visual Studio Solution File, Format Version 12.00
# Visual Studio Version 16
VisualStudioVersion = 16.0.29728.190
MinimumVisualStudioVersion = 10.0.40219.1
Project("{FAE04EC0-301F-11D3-BF4B-00C04F79EFBC}") = "RanMouStudy_Net", "RanMouStudy_Net\RanMouStudy_Net.csproj", "{892FF823-A75B-4DCB-8DFC-41575499A491}"
EndProject
Project("{FAE04EC0-301F-11D3-BF4B-00C04F79EFBC}") = "Generic", "Generic\Generic.csproj", "{44F902EF-8C39-43DC-9041-54C2941BC26D}"
EndProject
Project("{FAE04EC0-301F-11D3-BF4B-00C04F79EFBC}") = "Reflection", "Reflection\Reflection.csproj", "{03EAE59E-8BDE-49AB-B5CA-DCB0B5F28E74}"
EndProject
Global
	GlobalSection(SolutionConfigurationPlatforms) = preSolution
		Debug|Any CPU = Debug|Any CPU
		Release|Any CPU = Release|Any CPU
	EndGlobalSection
	GlobalSection(ProjectConfigurationPlatforms) = postSolution
		{892FF823-A75B-4DCB-8DFC-41575499A491}.Debug|Any CPU.ActiveCfg = Debug|Any CPU
		{892FF823-A75B-4DCB-8DFC-41575499A491}.Debug|Any CPU.Build.0 = Debug|Any CPU
		{892FF823-A75B-4DCB-8DFC-41575499A491}.Release|Any CPU.ActiveCfg = Release|Any CPU
		{892FF823-A75B-4DCB-8DFC-41575499A491}.Release|Any CPU.Build.0 = Release|Any CPU
		{44F902EF-8C39-43DC-9041-54C2941BC26D}.Debug|Any CPU.ActiveCfg = Debug|Any CPU
		{44F902EF-8C39-43DC-9041-54C2941BC26D}.Debug|Any CPU.Build.0 = Debug|Any CPU
		{44F902EF-8C39-43DC-9041-54C2941BC26D}.Release|Any CPU.ActiveCfg = Release|Any CPU
		{44F902EF-8C39-43DC-9041-54C2941BC26D}.Release|Any CPU.Build.0 = Release|Any CPU
		{03EAE59E-8BDE-49AB-B5CA-DCB0B5F28E74}.Debug|Any CPU.ActiveCfg = Debug|Any CPU
		{03EAE59E-8BDE-49AB-B5CA-DCB0B5F28E74}.Debug|Any CPU.Build.0 = Debug|Any CPU
		{03EAE59E-8BDE-49AB-B5CA-DCB0B5F28E74}.Release|Any CPU.ActiveCfg = Release|Any CPU
		{03EAE59E-8BDE-49AB-B5CA-DCB0B5F28E74}.Release|Any CPU.Build.0 = Release|Any CPU
	EndGlobalSection
	GlobalSection(SolutionProperties) = preSolution
		HideSolutionNode = FALSE
	EndGlobalSection
	GlobalSection(ExtensibilityGlobals) = postSolution
		SolutionGuid = {EF0F3C40-E63A-4698-B6D8-E97F91F3898A}
	EndGlobalSection
EndGlobal
